// !$*UTF8*$!
{
	archiveVersion = 1;
	classes = {
	};
	objectVersion = 48;
	objects = {

/* Begin PBXBuildFile section */
		6857884320ED32E4006D533F /* GoogleService-Info.plist in Resources */ = {isa = PBXBuildFile; fileRef = 6857884220ED32E4006D533F /* GoogleService-Info.plist */; };
		68B4B4EA2024CF090000C74C /* AppDelegate.swift in Sources */ = {isa = PBXBuildFile; fileRef = 68B4B4E92024CF090000C74C /* AppDelegate.swift */; };
		68B4B4EC2024CF090000C74C /* ViewController.swift in Sources */ = {isa = PBXBuildFile; fileRef = 68B4B4EB2024CF090000C74C /* ViewController.swift */; };
		68B4B4EF2024CF090000C74C /* Main.storyboard in Resources */ = {isa = PBXBuildFile; fileRef = 68B4B4ED2024CF090000C74C /* Main.storyboard */; };
		68B4B4F12024CF090000C74C /* Assets.xcassets in Resources */ = {isa = PBXBuildFile; fileRef = 68B4B4F02024CF090000C74C /* Assets.xcassets */; };
		68B4B4F42024CF090000C74C /* LaunchScreen.storyboard in Resources */ = {isa = PBXBuildFile; fileRef = 68B4B4F22024CF090000C74C /* LaunchScreen.storyboard */; };
		D556D5ABA0112D9A148758FF /* Pods_SocialLoginHMTLit.framework in Frameworks */ = {isa = PBXBuildFile; fileRef = BDC58907066ACDFD74936DD9 /* Pods_SocialLoginHMTLit.framework */; };
/* End PBXBuildFile section */

/* Begin PBXFileReference section */
		49BC56A24B5B9303B84B9144 /* Pods-SocialLoginHMTLit.debug.xcconfig */ = {isa = PBXFileReference; includeInIndex = 1; lastKnownFileType = text.xcconfig; name = "Pods-SocialLoginHMTLit.debug.xcconfig"; path = "Pods/Target Support Files/Pods-SocialLoginHMTLit/Pods-SocialLoginHMTLit.debug.xcconfig"; sourceTree = "<group>"; };
		68370AD520289ADF00543787 /* SocialLoginHMTLit-Bridging-Header.h */ = {isa = PBXFileReference; lastKnownFileType = sourcecode.c.h; path = "SocialLoginHMTLit-Bridging-Header.h"; sourceTree = "<group>"; };
		6857884220ED32E4006D533F /* GoogleService-Info.plist */ = {isa = PBXFileReference; fileEncoding = 4; lastKnownFileType = text.plist.xml; path = "GoogleService-Info.plist"; sourceTree = "<group>"; };
		68B4B4E62024CF090000C74C /* SocialLoginHMTLit.app */ = {isa = PBXFileReference; explicitFileType = wrapper.application; includeInIndex = 0; path = SocialLoginHMTLit.app; sourceTree = BUILT_PRODUCTS_DIR; };
		68B4B4E92024CF090000C74C /* AppDelegate.swift */ = {isa = PBXFileReference; lastKnownFileType = sourcecode.swift; path = AppDelegate.swift; sourceTree = "<group>"; };
		68B4B4EB2024CF090000C74C /* ViewController.swift */ = {isa = PBXFileReference; lastKnownFileType = sourcecode.swift; path = ViewController.swift; sourceTree = "<group>"; };
		68B4B4EE2024CF090000C74C /* Base */ = {isa = PBXFileReference; lastKnownFileType = file.storyboard; name = Base; path = Base.lproj/Main.storyboard; sourceTree = "<group>"; };
		68B4B4F02024CF090000C74C /* Assets.xcassets */ = {isa = PBXFileReference; lastKnownFileType = folder.assetcatalog; path = Assets.xcassets; sourceTree = "<group>"; };
		68B4B4F32024CF090000C74C /* Base */ = {isa = PBXFileReference; lastKnownFileType = file.storyboard; name = Base; path = Base.lproj/LaunchScreen.storyboard; sourceTree = "<group>"; };
		68B4B4F52024CF090000C74C /* Info.plist */ = {isa = PBXFileReference; explicitFileType = text.xml; path = Info.plist; sourceTree = "<group>"; };
		7C1EBEE625225A71402A6D57 /* Pods-SocialLoginHMTLit.release.xcconfig */ = {isa = PBXFileReference; includeInIndex = 1; lastKnownFileType = text.xcconfig; name = "Pods-SocialLoginHMTLit.release.xcconfig"; path = "Pods/Target Support Files/Pods-SocialLoginHMTLit/Pods-SocialLoginHMTLit.release.xcconfig"; sourceTree = "<group>"; };
		BDC58907066ACDFD74936DD9 /* Pods_SocialLoginHMTLit.framework */ = {isa = PBXFileReference; explicitFileType = wrapper.framework; includeInIndex = 0; path = Pods_SocialLoginHMTLit.framework; sourceTree = BUILT_PRODUCTS_DIR; };
/* End PBXFileReference section */

/* Begin PBXFrameworksBuildPhase section */
		68B4B4E32024CF080000C74C /* Frameworks */ = {
			isa = PBXFrameworksBuildPhase;
			buildActionMask = 2147483647;
			files = (
				D556D5ABA0112D9A148758FF /* Pods_SocialLoginHMTLit.framework in Frameworks */,
			);
			runOnlyForDeploymentPostprocessing = 0;
		};
/* End PBXFrameworksBuildPhase section */

/* Begin PBXGroup section */
		42DAD690C1763F0F6CA2E5DD /* Frameworks */ = {
			isa = PBXGroup;
			children = (
				BDC58907066ACDFD74936DD9 /* Pods_SocialLoginHMTLit.framework */,
			);
			name = Frameworks;
			sourceTree = "<group>";
		};
		68B4B4DD2024CF080000C74C = {
			isa = PBXGroup;
			children = (
				68B4B4E82024CF090000C74C /* SocialLoginHMTLit */,
				68B4B4E72024CF090000C74C /* Products */,
				E4439B6B471A8B57528419A8 /* Pods */,
				42DAD690C1763F0F6CA2E5DD /* Frameworks */,
			);
			sourceTree = "<group>";
		};
		68B4B4E72024CF090000C74C /* Products */ = {
			isa = PBXGroup;
			children = (
				68B4B4E62024CF090000C74C /* SocialLoginHMTLit.app */,
			);
			name = Products;
			sourceTree = "<group>";
		};
		68B4B4E82024CF090000C74C /* SocialLoginHMTLit */ = {
			isa = PBXGroup;
			children = (
				68B4B4E92024CF090000C74C /* AppDelegate.swift */,
				68B4B4EB2024CF090000C74C /* ViewController.swift */,
				68B4B4ED2024CF090000C74C /* Main.storyboard */,
				68B4B4F02024CF090000C74C /* Assets.xcassets */,
				68B4B4F22024CF090000C74C /* LaunchScreen.storyboard */,
				68B4B4F52024CF090000C74C /* Info.plist */,
				6857884220ED32E4006D533F /* GoogleService-Info.plist */,
				68370AD520289ADF00543787 /* SocialLoginHMTLit-Bridging-Header.h */,
			);
			path = SocialLoginHMTLit;
			sourceTree = "<group>";
		};
		E4439B6B471A8B57528419A8 /* Pods */ = {
			isa = PBXGroup;
			children = (
				49BC56A24B5B9303B84B9144 /* Pods-SocialLoginHMTLit.debug.xcconfig */,
				7C1EBEE625225A71402A6D57 /* Pods-SocialLoginHMTLit.release.xcconfig */,
			);
			name = Pods;
			sourceTree = "<group>";
		};
/* End PBXGroup section */

/* Begin PBXNativeTarget section */
		68B4B4E52024CF080000C74C /* SocialLoginHMTLit */ = {
			isa = PBXNativeTarget;
			buildConfigurationList = 68B4B4F82024CF090000C74C /* Build configuration list for PBXNativeTarget "SocialLoginHMTLit" */;
			buildPhases = (
				D60E98EC99443301DC049F52 /* [CP] Check Pods Manifest.lock */,
				68B4B4E22024CF080000C74C /* Sources */,
				68B4B4E32024CF080000C74C /* Frameworks */,
				68B4B4E42024CF080000C74C /* Resources */,
				B26BC3CAD8310B67AAA13CB1 /* [CP] Embed Pods Frameworks */,
				E9905A4BD68DB3B5F63E7D8D /* [CP] Copy Pods Resources */,
			);
			buildRules = (
			);
			dependencies = (
			);
			name = SocialLoginHMTLit;
			productName = SocialLoginHMTLit;
			productReference = 68B4B4E62024CF090000C74C /* SocialLoginHMTLit.app */;
			productType = "com.apple.product-type.application";
		};
/* End PBXNativeTarget section */

/* Begin PBXProject section */
		68B4B4DE2024CF080000C74C /* Project object */ = {
			isa = PBXProject;
			attributes = {
				LastSwiftUpdateCheck = 0920;
				LastUpgradeCheck = 0920;
				ORGANIZATIONNAME = antedesk;
				TargetAttributes = {
					68B4B4E52024CF080000C74C = {
						CreatedOnToolsVersion = 9.2;
						LastSwiftMigration = 0920;
						ProvisioningStyle = Automatic;
					};
				};
			};
			buildConfigurationList = 68B4B4E12024CF080000C74C /* Build configuration list for PBXProject "SocialLoginHMTLit" */;
			compatibilityVersion = "Xcode 8.0";
			developmentRegion = en;
			hasScannedForEncodings = 0;
			knownRegions = (
				en,
				Base,
			);
			mainGroup = 68B4B4DD2024CF080000C74C;
			productRefGroup = 68B4B4E72024CF090000C74C /* Products */;
			projectDirPath = "";
			projectRoot = "";
			targets = (
				68B4B4E52024CF080000C74C /* SocialLoginHMTLit */,
			);
		};
/* End PBXProject section */

/* Begin PBXResourcesBuildPhase section */
		68B4B4E42024CF080000C74C /* Resources */ = {
			isa = PBXResourcesBuildPhase;
			buildActionMask = 2147483647;
			files = (
				68B4B4F42024CF090000C74C /* LaunchScreen.storyboard in Resources */,
				6857884320ED32E4006D533F /* GoogleService-Info.plist in Resources */,
				68B4B4F12024CF090000C74C /* Assets.xcassets in Resources */,
				68B4B4EF2024CF090000C74C /* Main.storyboard in Resources */,
			);
			runOnlyForDeploymentPostprocessing = 0;
		};
/* End PBXResourcesBuildPhase section */

/* Begin PBXShellScriptBuildPhase section */
		B26BC3CAD8310B67AAA13CB1 /* [CP] Embed Pods Frameworks */ = {
			isa = PBXShellScriptBuildPhase;
			buildActionMask = 2147483647;
			files = (
			);
			inputPaths = (
				"${SRCROOT}/Pods/Target Support Files/Pods-SocialLoginHMTLit/Pods-SocialLoginHMTLit-frameworks.sh",
				"${BUILT_PRODUCTS_DIR}/GTMSessionFetcher/GTMSessionFetcher.framework",
				"${BUILT_PRODUCTS_DIR}/GoogleToolboxForMac/GoogleToolboxForMac.framework",
				"${BUILT_PRODUCTS_DIR}/nanopb/nanopb.framework",
			);
			name = "[CP] Embed Pods Frameworks";
			outputPaths = (
				"${TARGET_BUILD_DIR}/${FRAMEWORKS_FOLDER_PATH}/GTMSessionFetcher.framework",
				"${TARGET_BUILD_DIR}/${FRAMEWORKS_FOLDER_PATH}/GoogleToolboxForMac.framework",
				"${TARGET_BUILD_DIR}/${FRAMEWORKS_FOLDER_PATH}/nanopb.framework",
			);
			runOnlyForDeploymentPostprocessing = 0;
			shellPath = /bin/sh;
			shellScript = "\"${SRCROOT}/Pods/Target Support Files/Pods-SocialLoginHMTLit/Pods-SocialLoginHMTLit-frameworks.sh\"\n";
			showEnvVarsInLog = 0;
		};
		D60E98EC99443301DC049F52 /* [CP] Check Pods Manifest.lock */ = {
			isa = PBXShellScriptBuildPhase;
			buildActionMask = 2147483647;
			files = (
			);
			inputPaths = (
				"${PODS_PODFILE_DIR_PATH}/Podfile.lock",
				"${PODS_ROOT}/Manifest.lock",
			);
			name = "[CP] Check Pods Manifest.lock";
			outputPaths = (
				"$(DERIVED_FILE_DIR)/Pods-SocialLoginHMTLit-checkManifestLockResult.txt",
			);
			runOnlyForDeploymentPostprocessing = 0;
			shellPath = /bin/sh;
			shellScript = "diff \"${PODS_PODFILE_DIR_PATH}/Podfile.lock\" \"${PODS_ROOT}/Manifest.lock\" > /dev/null\nif [ $? != 0 ] ; then\n    # print error to STDERR\n    echo \"error: The sandbox is not in sync with the Podfile.lock. Run 'pod install' or update your CocoaPods installation.\" >&2\n    exit 1\nfi\n# This output is used by Xcode 'outputs' to avoid re-running this script phase.\necho \"SUCCESS\" > \"${SCRIPT_OUTPUT_FILE_0}\"\n";
			showEnvVarsInLog = 0;
		};
		E9905A4BD68DB3B5F63E7D8D /* [CP] Copy Pods Resources */ = {
			isa = PBXShellScriptBuildPhase;
			buildActionMask = 2147483647;
			files = (
			);
			inputPaths = (
				"${SRCROOT}/Pods/Target Support Files/Pods-SocialLoginHMTLit/Pods-SocialLoginHMTLit-resources.sh",
				"${PODS_ROOT}/TwitterKit/iOS/TwitterKit.framework/TwitterKitResources.bundle",
				"${PODS_ROOT}/TwitterKit/iOS/TwitterKit.framework/TwitterShareExtensionUIResources.bundle",
			);
			name = "[CP] Copy Pods Resources";
			outputPaths = (
				"${TARGET_BUILD_DIR}/${UNLOCALIZED_RESOURCES_FOLDER_PATH}",
			);
			runOnlyForDeploymentPostprocessing = 0;
			shellPath = /bin/sh;
			shellScript = "\"${SRCROOT}/Pods/Target Support Files/Pods-SocialLoginHMTLit/Pods-SocialLoginHMTLit-resources.sh\"\n";
			showEnvVarsInLog = 0;
		};
/* End PBXShellScriptBuildPhase section */

/* Begin PBXSourcesBuildPhase section */
		68B4B4E22024CF080000C74C /* Sources */ = {
			isa = PBXSourcesBuildPhase;
			buildActionMask = 2147483647;
			files = (
				68B4B4EC2024CF090000C74C /* ViewController.swift in Sources */,
				68B4B4EA2024CF090000C74C /* AppDelegate.swift in Sources */,
			);
			runOnlyForDeploymentPostprocessing = 0;
		};
/* End PBXSourcesBuildPhase section */

/* Begin PBXVariantGroup section */
		68B4B4ED2024CF090000C74C /* Main.storyboard */ = {
			isa = PBXVariantGroup;
			children = (
				68B4B4EE2024CF090000C74C /* Base */,
			);
			name = Main.storyboard;
			sourceTree = "<group>";
		};
		68B4B4F22024CF090000C74C /* LaunchScreen.storyboard */ = {
			isa = PBXVariantGroup;
			children = (
				68B4B4F32024CF090000C74C /* Base */,
			);
			name = LaunchScreen.storyboard;
			sourceTree = "<group>";
		};
/* End PBXVariantGroup section */

/* Begin XCBuildConfiguration section */
		68B4B4F62024CF090000C74C /* Debug */ = {
			isa = XCBuildConfiguration;
			buildSettings = {
				ALWAYS_SEARCH_USER_PATHS = NO;
				CLANG_ANALYZER_NONNULL = YES;
				CLANG_ANALYZER_NUMBER_OBJECT_CONVERSION = YES_AGGRESSIVE;
				CLANG_CXX_LANGUAGE_STANDARD = "gnu++14";
				CLANG_CXX_LIBRARY = "libc++";
				CLANG_ENABLE_MODULES = YES;
				CLANG_ENABLE_OBJC_ARC = YES;
				CLANG_WARN_BLOCK_CAPTURE_AUTORELEASING = YES;
				CLANG_WARN_BOOL_CONVERSION = YES;
				CLANG_WARN_COMMA = YES;
				CLANG_WARN_CONSTANT_CONVERSION = YES;
				CLANG_WARN_DIRECT_OBJC_ISA_USAGE = YES_ERROR;
				CLANG_WARN_DOCUMENTATION_COMMENTS = YES;
				CLANG_WARN_EMPTY_BODY = YES;
				CLANG_WARN_ENUM_CONVERSION = YES;
				CLANG_WARN_INFINITE_RECURSION = YES;
				CLANG_WARN_INT_CONVERSION = YES;
				CLANG_WARN_NON_LITERAL_NULL_CONVERSION = YES;
				CLANG_WARN_OBJC_LITERAL_CONVERSION = YES;
				CLANG_WARN_OBJC_ROOT_CLASS = YES_ERROR;
				CLANG_WARN_RANGE_LOOP_ANALYSIS = YES;
				CLANG_WARN_STRICT_PROTOTYPES = YES;
				CLANG_WARN_SUSPICIOUS_MOVE = YES;
				CLANG_WARN_UNGUARDED_AVAILABILITY = YES_AGGRESSIVE;
				CLANG_WARN_UNREACHABLE_CODE = YES;
				CLANG_WARN__DUPLICATE_METHOD_MATCH = YES;
				CODE_SIGN_IDENTITY = "iPhone Developer";
				COPY_PHASE_STRIP = NO;
				DEBUG_INFORMATION_FORMAT = dwarf;
				ENABLE_STRICT_OBJC_MSGSEND = YES;
				ENABLE_TESTABILITY = YES;
				GCC_C_LANGUAGE_STANDARD = gnu11;
				GCC_DYNAMIC_NO_PIC = NO;
				GCC_NO_COMMON_BLOCKS = YES;
				GCC_OPTIMIZATION_LEVEL = 0;
				GCC_PREPROCESSOR_DEFINITIONS = (
					"DEBUG=1",
					"$(inherited)",
				);
				GCC_WARN_64_TO_32_BIT_CONVERSION = YES;
				GCC_WARN_ABOUT_RETURN_TYPE = YES_ERROR;
				GCC_WARN_UNDECLARED_SELECTOR = YES;
				GCC_WARN_UNINITIALIZED_AUTOS = YES_AGGRESSIVE;
				GCC_WARN_UNUSED_FUNCTION = YES;
				GCC_WARN_UNUSED_VARIABLE = YES;
				IPHONEOS_DEPLOYMENT_TARGET = 11.2;
				MTL_ENABLE_DEBUG_INFO = YES;
				ONLY_ACTIVE_ARCH = YES;
				SDKROOT = iphoneos;
				SWIFT_ACTIVE_COMPILATION_CONDITIONS = DEBUG;
				SWIFT_OPTIMIZATION_LEVEL = "-Onone";
			};
			name = Debug;
		};
		68B4B4F72024CF090000C74C /* Release */ = {
			isa = XCBuildConfiguration;
			buildSettings = {
				ALWAYS_SEARCH_USER_PATHS = NO;
				CLANG_ANALYZER_NONNULL = YES;
				CLANG_ANALYZER_NUMBER_OBJECT_CONVERSION = YES_AGGRESSIVE;
				CLANG_CXX_LANGUAGE_STANDARD = "gnu++14";
				CLANG_CXX_LIBRARY = "libc++";
				CLANG_ENABLE_MODULES = YES;
				CLANG_ENABLE_OBJC_ARC = YES;
				CLANG_WARN_BLOCK_CAPTURE_AUTORELEASING = YES;
				CLANG_WARN_BOOL_CONVERSION = YES;
				CLANG_WARN_COMMA = YES;
				CLANG_WARN_CONSTANT_CONVERSION = YES;
				CLANG_WARN_DIRECT_OBJC_ISA_USAGE = YES_ERROR;
				CLANG_WARN_DOCUMENTATION_COMMENTS = YES;
				CLANG_WARN_EMPTY_BODY = YES;
				CLANG_WARN_ENUM_CONVERSION = YES;
				CLANG_WARN_INFINITE_RECURSION = YES;
				CLANG_WARN_INT_CONVERSION = YES;
				CLANG_WARN_NON_LITERAL_NULL_CONVERSION = YES;
				CLANG_WARN_OBJC_LITERAL_CONVERSION = YES;
				CLANG_WARN_OBJC_ROOT_CLASS = YES_ERROR;
				CLANG_WARN_RANGE_LOOP_ANALYSIS = YES;
				CLANG_WARN_STRICT_PROTOTYPES = YES;
				CLANG_WARN_SUSPICIOUS_MOVE = YES;
				CLANG_WARN_UNGUARDED_AVAILABILITY = YES_AGGRESSIVE;
				CLANG_WARN_UNREACHABLE_CODE = YES;
				CLANG_WARN__DUPLICATE_METHOD_MATCH = YES;
				CODE_SIGN_IDENTITY = "iPhone Developer";
				COPY_PHASE_STRIP = NO;
				DEBUG_INFORMATION_FORMAT = "dwarf-with-dsym";
				ENABLE_NS_ASSERTIONS = NO;
				ENABLE_STRICT_OBJC_MSGSEND = YES;
				GCC_C_LANGUAGE_STANDARD = gnu11;
				GCC_NO_COMMON_BLOCKS = YES;
				GCC_WARN_64_TO_32_BIT_CONVERSION = YES;
				GCC_WARN_ABOUT_RETURN_TYPE = YES_ERROR;
				GCC_WARN_UNDECLARED_SELECTOR = YES;
				GCC_WARN_UNINITIALIZED_AUTOS = YES_AGGRESSIVE;
				GCC_WARN_UNUSED_FUNCTION = YES;
				GCC_WARN_UNUSED_VARIABLE = YES;
				IPHONEOS_DEPLOYMENT_TARGET = 11.2;
				MTL_ENABLE_DEBUG_INFO = NO;
				SDKROOT = iphoneos;
				SWIFT_OPTIMIZATION_LEVEL = "-Owholemodule";
				VALIDATE_PRODUCT = YES;
			};
			name = Release;
		};
		68B4B4F92024CF090000C74C /* Debug */ = {
			isa = XCBuildConfiguration;
			baseConfigurationReference = 49BC56A24B5B9303B84B9144 /* Pods-SocialLoginHMTLit.debug.xcconfig */;
			buildSettings = {
				ASSETCATALOG_COMPILER_APPICON_NAME = AppIcon;
				CLANG_ENABLE_MODULES = YES;
				CODE_SIGN_STYLE = Automatic;
				DEVELOPMENT_TEAM = N7W7UT337L;
				INFOPLIST_FILE = SocialLoginHMTLit/Info.plist;
				LD_RUNPATH_SEARCH_PATHS = "$(inherited) @executable_path/Frameworks";
				PRODUCT_BUNDLE_IDENTIFIER = it.antedesk.SocialLoginHMTLit;
				PRODUCT_NAME = "$(TARGET_NAME)";
				SWIFT_OBJC_BRIDGING_HEADER = "SocialLoginHMTLit/SocialLoginHMTLit-Bridging-Header.h";
				SWIFT_OPTIMIZATION_LEVEL = "-Onone";
				SWIFT_VERSION = 4.0;
				TARGETED_DEVICE_FAMILY = "1,2";
			};
			name = Debug;
		};
		68B4B4FA2024CF090000C74C /* Release */ = {
			isa = XCBuildConfiguration;
			baseConfigurationReference = 7C1EBEE625225A71402A6D57 /* Pods-SocialLoginHMTLit.release.xcconfig */;
			buildSettings = {
				ASSETCATALOG_COMPILER_APPICON_NAME = AppIcon;
				CLANG_ENABLE_MODULES = YES;
				CODE_SIGN_STYLE = Automatic;
				DEVELOPMENT_TEAM = N7W7UT337L;
				INFOPLIST_FILE = SocialLoginHMTLit/Info.plist;
				LD_RUNPATH_SEARCH_PATHS = "$(inherited) @executable_path/Frameworks";
				PRODUCT_BUNDLE_IDENTIFIER = it.antedesk.SocialLoginHMTLit;
				PRODUCT_NAME = "$(TARGET_NAME)";
				SWIFT_OBJC_BRIDGING_HEADER = "SocialLoginHMTLit/SocialLoginHMTLit-Bridging-Header.h";
				SWIFT_VERSION = 4.0;
				TARGETED_DEVICE_FAMILY = "1,2";
			};
			name = Release;
		};
/* End XCBuildConfiguration section */

/* Begin XCConfigurationList section */
		68B4B4E12024CF080000C74C /* Build configuration list for PBXProject "SocialLoginHMTLit" */ = {
			isa = XCConfigurationList;
			buildConfigurations = (
				68B4B4F62024CF090000C74C /* Debug */,
				68B4B4F72024CF090000C74C /* Release */,
			);
			defaultConfigurationIsVisible = 0;
			defaultConfigurationName = Release;
		};
		68B4B4F82024CF090000C74C /* Build configuration list for PBXNativeTarget "SocialLoginHMTLit" */ = {
			isa = XCConfigurationList;
			buildConfigurations = (
				68B4B4F92024CF090000C74C /* Debug */,
				68B4B4FA2024CF090000C74C /* Release */,
			);
			defaultConfigurationIsVisible = 0;
			defaultConfigurationName = Release;
		};
/* End XCConfigurationList section */
	};
	rootObject = 68B4B4DE2024CF080000C74C /* Project object */;
}
